{
  "name": "tween-svg-path",
  "version": "1.0.0",
  "lockfileVersion": 1,
  "requires": true,
  "dependencies": {
    "animation-frame-delta": {
      "version": "1.0.0",
      "resolved": "https://registry.npmjs.org/animation-frame-delta/-/animation-frame-delta-1.0.0.tgz",
      "integrity": "sha512-nnmIE833jXXZtcgyjOs8aTeFWXDNX1mT9mvKUcK4EvQhVw+BX80Bo0+6Ou/F8tViwc/bZ5198RM3skkqMhXrsQ=="
    }
  }
}
